# This file is autogenerated, do not edit; changes may be undone by the next 'dep ensure'.


[[projects]]
  branch = "master"
  name = "github.com/golang/glog"
  packages = ["."]
  revision = "23def4e6c14b4da8ac2ed8007337bc5eb5007998"

[[projects]]
  branch = "master"
  name = "github.com/google/readahead"
  packages = ["."]
  revision = "eaceba16903255cb149d1efc316f6cc83d765268"

[[projects]]
  branch = "master"
  name = "github.com/pquerna/ffjson"
  packages = [
    "ffjson",
    "fflib/v1",
    "fflib/v1/internal"
  ]
  revision = "d49c2bc1aa135aad0c6f4fc2056623ec78f5d5ac"

[[projects]]
  branch = "master"
  name = "gopkg.in/kothar/go-backblaze.v0"
  packages = ["."]
  revision = "9bd2c70ec7f5f720b31a4b2339253c412a9e13ba"

[solve-meta]
  analyzer-name = "dep"
  analyzer-version = 1
  inputs-digest = "3b9e1acc875e9f83ecbc0a6976fd6409389da022cf17df94f69e7e989acf963d"
  solver-name = "gps-cdcl"
  solver-version = 1
